[root]
name = "pebble"
version = "0.8.5"
dependencies = [
 "ansi_term 0.9.0 (registry+https://github.com/rust-lang/crates.io-index)",
 "hyper 0.10.11 (registry+https://github.com/rust-lang/crates.io-index)",
 "lzf 0.3.1 (registry+https://github.com/rust-lang/crates.io-index)",
 "recipe-reader 0.9.9 (registry+https://github.com/rust-lang/crates.io-index)",
 "serde 1.0.4 (registry+https://github.com/rust-lang/crates.io-index)",
 "serde_cbor 0.6.0 (registry+https://github.com/rust-lang/crates.io-index)",
 "serde_derive 1.0.4 (registry+https://github.com/rust-lang/crates.io-index)",
 "sha1 0.2.0 (registry+https://github.com/rust-lang/crates.io-index)",
 "toml 0.4.1 (registry+https://github.com/rust-lang/crates.io-index)",
 "walkdir 1.0.7 (registry+https://github.com/rust-lang/crates.io-index)",
 "zip 0.2.3 (registry+https://github.com/rust-lang/crates.io-index)",
]

[[package]]
name = "ansi_term"
version = "0.9.0"
source = "registry+https://github.com/rust-lang/crates.io-index"

[[package]]
name = "base64"
version = "0.5.2"
source = "registry+https://github.com/rust-lang/crates.io-index"
dependencies = [
 "byteorder 1.0.0 (registry+https://github.com/rust-lang/crates.io-index)",
]

[[package]]
name = "byteorder"
version = "1.0.0"
source = "registry+https://github.com/rust-lang/crates.io-index"

[[package]]
name = "bzip2"
version = "0.3.2"
source = "registry+https://github.com/rust-lang/crates.io-index"
dependencies = [
 "bzip2-sys 0.1.5 (registry+https://github.com/rust-lang/crates.io-index)",
 "libc 0.2.23 (registry+https://github.com/rust-lang/crates.io-index)",
]

[[package]]
name = "bzip2-sys"
version = "0.1.5"
source = "registry+https://github.com/rust-lang/crates.io-index"
dependencies = [
 "gcc 0.3.50 (registry+https://github.com/rust-lang/crates.io-index)",
 "libc 0.2.23 (registry+https://github.com/rust-lang/crates.io-index)",
]

[[package]]
name = "flate2"
version = "0.2.19"
source = "registry+https://github.com/rust-lang/crates.io-index"
dependencies = [
 "libc 0.2.23 (registry+https://github.com/rust-lang/crates.io-index)",
 "miniz-sys 0.1.9 (registry+https://github.com/rust-lang/crates.io-index)",
]

[[package]]
name = "gcc"
version = "0.3.50"
source = "registry+https://github.com/rust-lang/crates.io-index"

[[package]]
name = "httparse"
version = "1.2.3"
source = "registry+https://github.com/rust-lang/crates.io-index"

[[package]]
name = "hyper"
version = "0.10.11"
source = "registry+https://github.com/rust-lang/crates.io-index"
dependencies = [
 "base64 0.5.2 (registry+https://github.com/rust-lang/crates.io-index)",
 "httparse 1.2.3 (registry+https://github.com/rust-lang/crates.io-index)",
 "language-tags 0.2.2 (registry+https://github.com/rust-lang/crates.io-index)",
 "log 0.3.8 (registry+https://github.com/rust-lang/crates.io-index)",
 "mime 0.2.6 (registry+https://github.com/rust-lang/crates.io-index)",
 "num_cpus 1.5.0 (registry+https://github.com/rust-lang/crates.io-index)",
 "rustc_version 0.1.7 (registry+https://github.com/rust-lang/crates.io-index)",
 "time 0.1.37 (registry+https://github.com/rust-lang/crates.io-index)",
 "traitobject 0.1.0 (registry+https://github.com/rust-lang/crates.io-index)",
 "typeable 0.1.2 (registry+https://github.com/rust-lang/crates.io-index)",
 "unicase 1.4.0 (registry+https://github.com/rust-lang/crates.io-index)",
 "url 1.4.1 (registry+https://github.com/rust-lang/crates.io-index)",
]

[[package]]
name = "idna"
version = "0.1.2"
source = "registry+https://github.com/rust-lang/crates.io-index"
dependencies = [
 "matches 0.1.4 (registry+https://github.com/rust-lang/crates.io-index)",
 "unicode-bidi 0.3.3 (registry+https://github.com/rust-lang/crates.io-index)",
 "unicode-normalization 0.1.4 (registry+https://github.com/rust-lang/crates.io-index)",
]

[[package]]
name = "kernel32-sys"
version = "0.2.2"
source = "registry+https://github.com/rust-lang/crates.io-index"
dependencies = [
 "winapi 0.2.8 (registry+https://github.com/rust-lang/crates.io-index)",
 "winapi-build 0.1.1 (registry+https://github.com/rust-lang/crates.io-index)",
]

[[package]]
name = "language-tags"
version = "0.2.2"
source = "registry+https://github.com/rust-lang/crates.io-index"

[[package]]
name = "libc"
version = "0.2.23"
source = "registry+https://github.com/rust-lang/crates.io-index"

[[package]]
name = "log"
version = "0.3.8"
source = "registry+https://github.com/rust-lang/crates.io-index"

[[package]]
name = "lzf"
version = "0.3.1"
source = "registry+https://github.com/rust-lang/crates.io-index"

[[package]]
name = "matches"
version = "0.1.4"
source = "registry+https://github.com/rust-lang/crates.io-index"

[[package]]
name = "mime"
version = "0.2.6"
source = "registry+https://github.com/rust-lang/crates.io-index"
dependencies = [
 "log 0.3.8 (registry+https://github.com/rust-lang/crates.io-index)",
]

[[package]]
name = "miniz-sys"
version = "0.1.9"
source = "registry+https://github.com/rust-lang/crates.io-index"
dependencies = [
 "gcc 0.3.50 (registry+https://github.com/rust-lang/crates.io-index)",
 "libc 0.2.23 (registry+https://github.com/rust-lang/crates.io-index)",
]

[[package]]
name = "msdos_time"
version = "0.1.5"
source = "registry+https://github.com/rust-lang/crates.io-index"
dependencies = [
 "kernel32-sys 0.2.2 (registry+https://github.com/rust-lang/crates.io-index)",
 "time 0.1.37 (registry+https://github.com/rust-lang/crates.io-index)",
 "winapi 0.2.8 (registry+https://github.com/rust-lang/crates.io-index)",
]

[[package]]
name = "num_cpus"
version = "1.5.0"
source = "registry+https://github.com/rust-lang/crates.io-index"
dependencies = [
 "libc 0.2.23 (registry+https://github.com/rust-lang/crates.io-index)",
]

[[package]]
name = "podio"
version = "0.1.5"
source = "registry+https://github.com/rust-lang/crates.io-index"

[[package]]
name = "quote"
version = "0.3.15"
source = "registry+https://github.com/rust-lang/crates.io-index"

[[package]]
name = "recipe-reader"
version = "0.9.9"
source = "registry+https://github.com/rust-lang/crates.io-index"

[[package]]
name = "redox_syscall"
version = "0.1.17"
source = "registry+https://github.com/rust-lang/crates.io-index"

[[package]]
name = "rustc_version"
version = "0.1.7"
source = "registry+https://github.com/rust-lang/crates.io-index"
dependencies = [
 "semver 0.1.20 (registry+https://github.com/rust-lang/crates.io-index)",
]

[[package]]
name = "same-file"
version = "0.1.3"
source = "registry+https://github.com/rust-lang/crates.io-index"
dependencies = [
 "kernel32-sys 0.2.2 (registry+https://github.com/rust-lang/crates.io-index)",
 "winapi 0.2.8 (registry+https://github.com/rust-lang/crates.io-index)",
]

[[package]]
name = "semver"
version = "0.1.20"
source = "registry+https://github.com/rust-lang/crates.io-index"

[[package]]
name = "serde"
version = "1.0.4"
source = "registry+https://github.com/rust-lang/crates.io-index"

[[package]]
name = "serde_bytes"
version = "0.10.0"
source = "registry+https://github.com/rust-lang/crates.io-index"
dependencies = [
 "serde 1.0.4 (registry+https://github.com/rust-lang/crates.io-index)",
]

[[package]]
name = "serde_cbor"
version = "0.6.0"
source = "registry+https://github.com/rust-lang/crates.io-index"
dependencies = [
 "byteorder 1.0.0 (registry+https://github.com/rust-lang/crates.io-index)",
 "serde 1.0.4 (registry+https://github.com/rust-lang/crates.io-index)",
 "serde_bytes 0.10.0 (registry+https://github.com/rust-lang/crates.io-index)",
]

[[package]]
name = "serde_derive"
version = "1.0.4"
source = "registry+https://github.com/rust-lang/crates.io-index"
dependencies = [
 "quote 0.3.15 (registry+https://github.com/rust-lang/crates.io-index)",
 "serde_derive_internals 0.15.0 (registry+https://github.com/rust-lang/crates.io-index)",
 "syn 0.11.11 (registry+https://github.com/rust-lang/crates.io-index)",
]

[[package]]
name = "serde_derive_internals"
version = "0.15.0"
source = "registry+https://github.com/rust-lang/crates.io-index"
dependencies = [
 "syn 0.11.11 (registry+https://github.com/rust-lang/crates.io-index)",
 "synom 0.11.3 (registry+https://github.com/rust-lang/crates.io-index)",
]

[[package]]
name = "sha1"
version = "0.2.0"
source = "registry+https://github.com/rust-lang/crates.io-index"

[[package]]
name = "syn"
version = "0.11.11"
source = "registry+https://github.com/rust-lang/crates.io-index"
dependencies = [
 "quote 0.3.15 (registry+https://github.com/rust-lang/crates.io-index)",
 "synom 0.11.3 (registry+https://github.com/rust-lang/crates.io-index)",
 "unicode-xid 0.0.4 (registry+https://github.com/rust-lang/crates.io-index)",
]

[[package]]
name = "synom"
version = "0.11.3"
source = "registry+https://github.com/rust-lang/crates.io-index"
dependencies = [
 "unicode-xid 0.0.4 (registry+https://github.com/rust-lang/crates.io-index)",
]

[[package]]
name = "time"
version = "0.1.37"
source = "registry+https://github.com/rust-lang/crates.io-index"
dependencies = [
 "kernel32-sys 0.2.2 (registry+https://github.com/rust-lang/crates.io-index)",
 "libc 0.2.23 (registry+https://github.com/rust-lang/crates.io-index)",
 "redox_syscall 0.1.17 (registry+https://github.com/rust-lang/crates.io-index)",
 "winapi 0.2.8 (registry+https://github.com/rust-lang/crates.io-index)",
]

[[package]]
name = "toml"
version = "0.4.1"
source = "registry+https://github.com/rust-lang/crates.io-index"
dependencies = [
 "serde 1.0.4 (registry+https://github.com/rust-lang/crates.io-index)",
]

[[package]]
name = "traitobject"
version = "0.1.0"
source = "registry+https://github.com/rust-lang/crates.io-index"

[[package]]
name = "typeable"
version = "0.1.2"
source = "registry+https://github.com/rust-lang/crates.io-index"

[[package]]
name = "unicase"
version = "1.4.0"
source = "registry+https://github.com/rust-lang/crates.io-index"
dependencies = [
 "rustc_version 0.1.7 (registry+https://github.com/rust-lang/crates.io-index)",
]

[[package]]
name = "unicode-bidi"
version = "0.3.3"
source = "registry+https://github.com/rust-lang/crates.io-index"
dependencies = [
 "matches 0.1.4 (registry+https://github.com/rust-lang/crates.io-index)",
]

[[package]]
name = "unicode-normalization"
version = "0.1.4"
source = "registry+https://github.com/rust-lang/crates.io-index"

[[package]]
name = "unicode-xid"
version = "0.0.4"
source = "registry+https://github.com/rust-lang/crates.io-index"

[[package]]
name = "url"
version = "1.4.1"
source = "registry+https://github.com/rust-lang/crates.io-index"
dependencies = [
 "idna 0.1.2 (registry+https://github.com/rust-lang/crates.io-index)",
 "matches 0.1.4 (registry+https://github.com/rust-lang/crates.io-index)",
]

[[package]]
name = "walkdir"
version = "1.0.7"
source = "registry+https://github.com/rust-lang/crates.io-index"
dependencies = [
 "kernel32-sys 0.2.2 (registry+https://github.com/rust-lang/crates.io-index)",
 "same-file 0.1.3 (registry+https://github.com/rust-lang/crates.io-index)",
 "winapi 0.2.8 (registry+https://github.com/rust-lang/crates.io-index)",
]

[[package]]
name = "winapi"
version = "0.2.8"
source = "registry+https://github.com/rust-lang/crates.io-index"

[[package]]
name = "winapi-build"
version = "0.1.1"
source = "registry+https://github.com/rust-lang/crates.io-index"

[[package]]
name = "zip"
version = "0.2.3"
source = "registry+https://github.com/rust-lang/crates.io-index"
dependencies = [
 "bzip2 0.3.2 (registry+https://github.com/rust-lang/crates.io-index)",
 "flate2 0.2.19 (registry+https://github.com/rust-lang/crates.io-index)",
 "msdos_time 0.1.5 (registry+https://github.com/rust-lang/crates.io-index)",
 "podio 0.1.5 (registry+https://github.com/rust-lang/crates.io-index)",
 "time 0.1.37 (registry+https://github.com/rust-lang/crates.io-index)",
]

[metadata]
"checksum ansi_term 0.9.0 (registry+https://github.com/rust-lang/crates.io-index)" = "23ac7c30002a5accbf7e8987d0632fa6de155b7c3d39d0067317a391e00a2ef6"
"checksum base64 0.5.2 (registry+https://github.com/rust-lang/crates.io-index)" = "30e93c03064e7590d0466209155251b90c22e37fab1daf2771582598b5827557"
"checksum byteorder 1.0.0 (registry+https://github.com/rust-lang/crates.io-index)" = "c40977b0ee6b9885c9013cd41d9feffdd22deb3bb4dc3a71d901cc7a77de18c8"
"checksum bzip2 0.3.2 (registry+https://github.com/rust-lang/crates.io-index)" = "c3eafc42c44e0d827de6b1c131175098fe7fb53b8ce8a47e65cb3ea94688be24"
"checksum bzip2-sys 0.1.5 (registry+https://github.com/rust-lang/crates.io-index)" = "98ce3fff84d4e90011f464bbdf48e3428f04270439f703868fd489d2aaedfc30"
"checksum flate2 0.2.19 (registry+https://github.com/rust-lang/crates.io-index)" = "36df0166e856739905cd3d7e0b210fe818592211a008862599845e012d8d304c"
"checksum gcc 0.3.50 (registry+https://github.com/rust-lang/crates.io-index)" = "5f837c392f2ea61cb1576eac188653df828c861b7137d74ea4a5caa89621f9e6"
"checksum httparse 1.2.3 (registry+https://github.com/rust-lang/crates.io-index)" = "af2f2dd97457e8fb1ae7c5a420db346af389926e36f43768b96f101546b04a07"
"checksum hyper 0.10.11 (registry+https://github.com/rust-lang/crates.io-index)" = "cb7031283266d12f2d4bf30b624bc2b2fd21bbcc00863c9928e87dc5e1699d2e"
"checksum idna 0.1.2 (registry+https://github.com/rust-lang/crates.io-index)" = "2233d4940b1f19f0418c158509cd7396b8d70a5db5705ce410914dc8fa603b37"
"checksum kernel32-sys 0.2.2 (registry+https://github.com/rust-lang/crates.io-index)" = "7507624b29483431c0ba2d82aece8ca6cdba9382bff4ddd0f7490560c056098d"
"checksum language-tags 0.2.2 (registry+https://github.com/rust-lang/crates.io-index)" = "a91d884b6667cd606bb5a69aa0c99ba811a115fc68915e7056ec08a46e93199a"
"checksum libc 0.2.23 (registry+https://github.com/rust-lang/crates.io-index)" = "e7eb6b826bfc1fdea7935d46556250d1799b7fe2d9f7951071f4291710665e3e"
"checksum log 0.3.8 (registry+https://github.com/rust-lang/crates.io-index)" = "880f77541efa6e5cc74e76910c9884d9859683118839d6a1dc3b11e63512565b"
"checksum lzf 0.3.1 (registry+https://github.com/rust-lang/crates.io-index)" = "17e5be0eb77da2184c83107a92e19f0e1881214ac3b4776f8db2823411300d00"
"checksum matches 0.1.4 (registry+https://github.com/rust-lang/crates.io-index)" = "efd7622e3022e1a6eaa602c4cea8912254e5582c9c692e9167714182244801b1"
"checksum mime 0.2.6 (registry+https://github.com/rust-lang/crates.io-index)" = "ba626b8a6de5da682e1caa06bdb42a335aee5a84db8e5046a3e8ab17ba0a3ae0"
"checksum miniz-sys 0.1.9 (registry+https://github.com/rust-lang/crates.io-index)" = "28eaee17666671fa872e567547e8428e83308ebe5808cdf6a0e28397dbe2c726"
"checksum msdos_time 0.1.5 (registry+https://github.com/rust-lang/crates.io-index)" = "65ba9d75bcea84e07812618fedf284a64776c2f2ea0cad6bca7f69739695a958"
"checksum num_cpus 1.5.0 (registry+https://github.com/rust-lang/crates.io-index)" = "f6e850c7f35c3de263e6094e819f6b4b9c09190ff4438fc6dec1aef1568547bc"
"checksum podio 0.1.5 (registry+https://github.com/rust-lang/crates.io-index)" = "e5422a1ee1bc57cc47ae717b0137314258138f38fd5f3cea083f43a9725383a0"
"checksum quote 0.3.15 (registry+https://github.com/rust-lang/crates.io-index)" = "7a6e920b65c65f10b2ae65c831a81a073a89edd28c7cce89475bff467ab4167a"
"checksum recipe-reader 0.9.9 (registry+https://github.com/rust-lang/crates.io-index)" = "07f90548c94ba9863a873a83f6ec6359387b0511482bcc8d557b4cb729499360"
"checksum redox_syscall 0.1.17 (registry+https://github.com/rust-lang/crates.io-index)" = "29dbdfd4b9df8ab31dec47c6087b7b13cbf4a776f335e4de8efba8288dda075b"
"checksum rustc_version 0.1.7 (registry+https://github.com/rust-lang/crates.io-index)" = "c5f5376ea5e30ce23c03eb77cbe4962b988deead10910c372b226388b594c084"
"checksum same-file 0.1.3 (registry+https://github.com/rust-lang/crates.io-index)" = "d931a44fdaa43b8637009e7632a02adc4f2b2e0733c08caa4cf00e8da4a117a7"
"checksum semver 0.1.20 (registry+https://github.com/rust-lang/crates.io-index)" = "d4f410fedcf71af0345d7607d246e7ad15faaadd49d240ee3b24e5dc21a820ac"
"checksum serde 1.0.4 (registry+https://github.com/rust-lang/crates.io-index)" = "991ef6be409a3b7a46cb9ee701d86156ce851825c65dbee7f16dbd5c4e7e2d47"
"checksum serde_bytes 0.10.0 (registry+https://github.com/rust-lang/crates.io-index)" = "7a73f5ad9bb83e1e407254c7a355f4efdaffe3c1442fc0657ddb8b9b6b225655"
"checksum serde_cbor 0.6.0 (registry+https://github.com/rust-lang/crates.io-index)" = "2e35335a385fab1750ddd38a5cf0f7744b8d76ea9027b72f4037d9429889df49"
"checksum serde_derive 1.0.4 (registry+https://github.com/rust-lang/crates.io-index)" = "9fd81eef9f0b4ec341b11095335b6a4b28ed85581b12dd27585dee1529df35e0"
"checksum serde_derive_internals 0.15.0 (registry+https://github.com/rust-lang/crates.io-index)" = "021c338d22c7e30f957a6ab7e388cb6098499dda9fd4ba1661ee074ca7a180d1"
"checksum sha1 0.2.0 (registry+https://github.com/rust-lang/crates.io-index)" = "cc30b1e1e8c40c121ca33b86c23308a090d19974ef001b4bf6e61fd1a0fb095c"
"checksum syn 0.11.11 (registry+https://github.com/rust-lang/crates.io-index)" = "d3b891b9015c88c576343b9b3e41c2c11a51c219ef067b264bd9c8aa9b441dad"
"checksum synom 0.11.3 (registry+https://github.com/rust-lang/crates.io-index)" = "a393066ed9010ebaed60b9eafa373d4b1baac186dd7e008555b0f702b51945b6"
"checksum time 0.1.37 (registry+https://github.com/rust-lang/crates.io-index)" = "ffd7ccbf969a892bf83f1e441126968a07a3941c24ff522a26af9f9f4585d1a3"
"checksum toml 0.4.1 (registry+https://github.com/rust-lang/crates.io-index)" = "4cc5dbfb20a481e64b99eb7ae280859ec76730c7191570ba5edaa962394edb0a"
"checksum traitobject 0.1.0 (registry+https://github.com/rust-lang/crates.io-index)" = "efd1f82c56340fdf16f2a953d7bda4f8fdffba13d93b00844c25572110b26079"
"checksum typeable 0.1.2 (registry+https://github.com/rust-lang/crates.io-index)" = "1410f6f91f21d1612654e7cc69193b0334f909dcf2c790c4826254fbb86f8887"
"checksum unicase 1.4.0 (registry+https://github.com/rust-lang/crates.io-index)" = "13a5906ca2b98c799f4b1ab4557b76367ebd6ae5ef14930ec841c74aed5f3764"
"checksum unicode-bidi 0.3.3 (registry+https://github.com/rust-lang/crates.io-index)" = "a6a2c4e3710edd365cd7e78383153ed739fa31af19f9172f72d3575060f5a43a"
"checksum unicode-normalization 0.1.4 (registry+https://github.com/rust-lang/crates.io-index)" = "e28fa37426fceeb5cf8f41ee273faa7c82c47dc8fba5853402841e665fcd86ff"
"checksum unicode-xid 0.0.4 (registry+https://github.com/rust-lang/crates.io-index)" = "8c1f860d7d29cf02cb2f3f359fd35991af3d30bac52c57d265a3c461074cb4dc"
"checksum url 1.4.1 (registry+https://github.com/rust-lang/crates.io-index)" = "3e2ba3456fbe5c0098cb877cf08b92b76c3e18e0be9e47c35b487220d377d24e"
"checksum walkdir 1.0.7 (registry+https://github.com/rust-lang/crates.io-index)" = "bb08f9e670fab86099470b97cd2b252d6527f0b3cc1401acdb595ffc9dd288ff"
"checksum winapi 0.2.8 (registry+https://github.com/rust-lang/crates.io-index)" = "167dc9d6949a9b857f3451275e911c3f44255842c1f7a76f33c55103a909087a"
"checksum winapi-build 0.1.1 (registry+https://github.com/rust-lang/crates.io-index)" = "2d315eee3b34aca4797b2da6b13ed88266e6d612562a0c46390af8299fc699bc"
"checksum zip 0.2.3 (registry+https://github.com/rust-lang/crates.io-index)" = "a8e9988af1aa47bb7ccb1a61fd1261c45f646dda65ea00c6562d6b611403acf9"
